
Microsoft Visual Studio Solution File, Format Version 12.00
# Visual Studio Version 16
VisualStudioVersion = 16.0.31025.194
MinimumVisualStudioVersion = 10.0.40219.1
Project("{2150E333-8FDC-42A3-9474-1A3956D46DE8}") = "src", "src", "{F1CAA958-37EC-4588-873E-D00333BD38A0}"
EndProject
Project("{2150E333-8FDC-42A3-9474-1A3956D46DE8}") = "tests", "tests", "{34FC17B2-9746-4B57-B54B-DD5E4886437D}"
EndProject
Project("{2150E333-8FDC-42A3-9474-1A3956D46DE8}") = "benchmarks", "benchmarks", "{5FEAF385-9233-497E-AB1E-F5C5F99C3005}"
EndProject
Project("{9A19103F-16F7-4668-BE54-9A1E7A4F7556}") = "DistributedTime", "src\DistributedTime\DistributedTime.csproj", "{D7427868-4341-4545-BD62-2393AC73C6DE}"
EndProject
Project("{9A19103F-16F7-4668-BE54-9A1E7A4F7556}") = "DistributedTime.UnitTests", "tests\DistributedTime.UnitTests\DistributedTime.UnitTests.csproj", "{2B3700CA-D5CE-4D16-A00B-9288EF2DD1AE}"
EndProject
Project("{9A19103F-16F7-4668-BE54-9A1E7A4F7556}") = "Registers", "src\Registers\Registers.csproj", "{8B791F19-A79F-4953-AA7C-CDAC0470AE6D}"
EndProject
Project("{9A19103F-16F7-4668-BE54-9A1E7A4F7556}") = "Cluster", "src\Cluster\Cluster.csproj", "{5628E7C6-8F64-4E94-9C6B-CFDEC69F5387}"
EndProject
Project("{9A19103F-16F7-4668-BE54-9A1E7A4F7556}") = "Registers.UnitTests", "tests\Registers.UnitTests\Registers.UnitTests.csproj", "{6C5B6090-F262-4551-AAFE-3B0804795B17}"
EndProject
Project("{9A19103F-16F7-4668-BE54-9A1E7A4F7556}") = "UnitTestHelpers", "tests\UnitTestHelpers\UnitTestHelpers.csproj", "{F59CBD69-A264-42B1-A798-9D66868C1590}"
EndProject
Project("{9A19103F-16F7-4668-BE54-9A1E7A4F7556}") = "Abstractions", "src\Abstractions\Abstractions.csproj", "{CCBBDBC1-7951-41B5-BC40-4073093D9E08}"
EndProject
Project("{FAE04EC0-301F-11D3-BF4B-00C04F79EFBC}") = "Sets", "src\Sets\Sets.csproj", "{77E6F4C2-DE8A-4C51-9A73-64ECAFCECFBB}"
EndProject
Project("{FAE04EC0-301F-11D3-BF4B-00C04F79EFBC}") = "Sets.UnitTests", "tests\Sets.UnitTests\Sets.UnitTests.csproj", "{FF9FE31E-D3A6-4A92-8F9C-77E3A38713BB}"
EndProject
Global
	GlobalSection(SolutionConfigurationPlatforms) = preSolution
		Debug|Any CPU = Debug|Any CPU
		Release|Any CPU = Release|Any CPU
	EndGlobalSection
	GlobalSection(ProjectConfigurationPlatforms) = postSolution
		{D7427868-4341-4545-BD62-2393AC73C6DE}.Debug|Any CPU.ActiveCfg = Debug|Any CPU
		{D7427868-4341-4545-BD62-2393AC73C6DE}.Debug|Any CPU.Build.0 = Debug|Any CPU
		{D7427868-4341-4545-BD62-2393AC73C6DE}.Release|Any CPU.ActiveCfg = Release|Any CPU
		{D7427868-4341-4545-BD62-2393AC73C6DE}.Release|Any CPU.Build.0 = Release|Any CPU
		{2B3700CA-D5CE-4D16-A00B-9288EF2DD1AE}.Debug|Any CPU.ActiveCfg = Debug|Any CPU
		{2B3700CA-D5CE-4D16-A00B-9288EF2DD1AE}.Debug|Any CPU.Build.0 = Debug|Any CPU
		{2B3700CA-D5CE-4D16-A00B-9288EF2DD1AE}.Release|Any CPU.ActiveCfg = Release|Any CPU
		{2B3700CA-D5CE-4D16-A00B-9288EF2DD1AE}.Release|Any CPU.Build.0 = Release|Any CPU
		{8B791F19-A79F-4953-AA7C-CDAC0470AE6D}.Debug|Any CPU.ActiveCfg = Debug|Any CPU
		{8B791F19-A79F-4953-AA7C-CDAC0470AE6D}.Debug|Any CPU.Build.0 = Debug|Any CPU
		{8B791F19-A79F-4953-AA7C-CDAC0470AE6D}.Release|Any CPU.ActiveCfg = Release|Any CPU
		{8B791F19-A79F-4953-AA7C-CDAC0470AE6D}.Release|Any CPU.Build.0 = Release|Any CPU
		{5628E7C6-8F64-4E94-9C6B-CFDEC69F5387}.Debug|Any CPU.ActiveCfg = Debug|Any CPU
		{5628E7C6-8F64-4E94-9C6B-CFDEC69F5387}.Debug|Any CPU.Build.0 = Debug|Any CPU
		{5628E7C6-8F64-4E94-9C6B-CFDEC69F5387}.Release|Any CPU.ActiveCfg = Release|Any CPU
		{5628E7C6-8F64-4E94-9C6B-CFDEC69F5387}.Release|Any CPU.Build.0 = Release|Any CPU
		{6C5B6090-F262-4551-AAFE-3B0804795B17}.Debug|Any CPU.ActiveCfg = Debug|Any CPU
		{6C5B6090-F262-4551-AAFE-3B0804795B17}.Debug|Any CPU.Build.0 = Debug|Any CPU
		{6C5B6090-F262-4551-AAFE-3B0804795B17}.Release|Any CPU.ActiveCfg = Release|Any CPU
		{6C5B6090-F262-4551-AAFE-3B0804795B17}.Release|Any CPU.Build.0 = Release|Any CPU
		{F59CBD69-A264-42B1-A798-9D66868C1590}.Debug|Any CPU.ActiveCfg = Debug|Any CPU
		{F59CBD69-A264-42B1-A798-9D66868C1590}.Debug|Any CPU.Build.0 = Debug|Any CPU
		{F59CBD69-A264-42B1-A798-9D66868C1590}.Release|Any CPU.ActiveCfg = Release|Any CPU
		{F59CBD69-A264-42B1-A798-9D66868C1590}.Release|Any CPU.Build.0 = Release|Any CPU
		{CCBBDBC1-7951-41B5-BC40-4073093D9E08}.Debug|Any CPU.ActiveCfg = Debug|Any CPU
		{CCBBDBC1-7951-41B5-BC40-4073093D9E08}.Debug|Any CPU.Build.0 = Debug|Any CPU
		{CCBBDBC1-7951-41B5-BC40-4073093D9E08}.Release|Any CPU.ActiveCfg = Release|Any CPU
		{CCBBDBC1-7951-41B5-BC40-4073093D9E08}.Release|Any CPU.Build.0 = Release|Any CPU
		{77E6F4C2-DE8A-4C51-9A73-64ECAFCECFBB}.Debug|Any CPU.ActiveCfg = Debug|Any CPU
		{77E6F4C2-DE8A-4C51-9A73-64ECAFCECFBB}.Debug|Any CPU.Build.0 = Debug|Any CPU
		{77E6F4C2-DE8A-4C51-9A73-64ECAFCECFBB}.Release|Any CPU.ActiveCfg = Release|Any CPU
		{77E6F4C2-DE8A-4C51-9A73-64ECAFCECFBB}.Release|Any CPU.Build.0 = Release|Any CPU
		{FF9FE31E-D3A6-4A92-8F9C-77E3A38713BB}.Debug|Any CPU.ActiveCfg = Debug|Any CPU
		{FF9FE31E-D3A6-4A92-8F9C-77E3A38713BB}.Debug|Any CPU.Build.0 = Debug|Any CPU
		{FF9FE31E-D3A6-4A92-8F9C-77E3A38713BB}.Release|Any CPU.ActiveCfg = Release|Any CPU
		{FF9FE31E-D3A6-4A92-8F9C-77E3A38713BB}.Release|Any CPU.Build.0 = Release|Any CPU
	EndGlobalSection
	GlobalSection(SolutionProperties) = preSolution
		HideSolutionNode = FALSE
	EndGlobalSection
	GlobalSection(NestedProjects) = preSolution
		{D7427868-4341-4545-BD62-2393AC73C6DE} = {F1CAA958-37EC-4588-873E-D00333BD38A0}
		{2B3700CA-D5CE-4D16-A00B-9288EF2DD1AE} = {34FC17B2-9746-4B57-B54B-DD5E4886437D}
		{8B791F19-A79F-4953-AA7C-CDAC0470AE6D} = {F1CAA958-37EC-4588-873E-D00333BD38A0}
		{5628E7C6-8F64-4E94-9C6B-CFDEC69F5387} = {F1CAA958-37EC-4588-873E-D00333BD38A0}
		{6C5B6090-F262-4551-AAFE-3B0804795B17} = {34FC17B2-9746-4B57-B54B-DD5E4886437D}
		{F59CBD69-A264-42B1-A798-9D66868C1590} = {34FC17B2-9746-4B57-B54B-DD5E4886437D}
		{CCBBDBC1-7951-41B5-BC40-4073093D9E08} = {F1CAA958-37EC-4588-873E-D00333BD38A0}
		{77E6F4C2-DE8A-4C51-9A73-64ECAFCECFBB} = {F1CAA958-37EC-4588-873E-D00333BD38A0}
		{FF9FE31E-D3A6-4A92-8F9C-77E3A38713BB} = {34FC17B2-9746-4B57-B54B-DD5E4886437D}
	EndGlobalSection
	GlobalSection(ExtensibilityGlobals) = postSolution
		SolutionGuid = {C701D26B-E79A-426E-B815-F2314CEEF64D}
	EndGlobalSection
EndGlobal
